// !$*UTF8*$!
{
	archiveVersion = 1;
	classes = {
	};
	objectVersion = 55;
	objects = {

/* Begin PBXBuildFile section */
		942F24C1288752E30061F6C1 /* Gameplay.swift in Sources */ = {isa = PBXBuildFile; fileRef = 942F24C0288752E30061F6C1 /* Gameplay.swift */; };
		94501FEE2877DB0C00670564 /* CountDown.swift in Sources */ = {isa = PBXBuildFile; fileRef = 94501FED2877DB0C00670564 /* CountDown.swift */; };
		94F3C5C92876A40800D75958 /* RaceMeApp.swift in Sources */ = {isa = PBXBuildFile; fileRef = 94F3C5C82876A40800D75958 /* RaceMeApp.swift */; };
		94F3C5CB2876A40800D75958 /* HomeScreen.swift in Sources */ = {isa = PBXBuildFile; fileRef = 94F3C5CA2876A40800D75958 /* HomeScreen.swift */; };
		94F3C5CD2876A40900D75958 /* Assets.xcassets in Resources */ = {isa = PBXBuildFile; fileRef = 94F3C5CC2876A40900D75958 /* Assets.xcassets */; };
		94F3C5D02876A40900D75958 /* Preview Assets.xcassets in Resources */ = {isa = PBXBuildFile; fileRef = 94F3C5CF2876A40900D75958 /* Preview Assets.xcassets */; };
		94F3C5DA2876A40900D75958 /* RaceMeAppTests.swift in Sources */ = {isa = PBXBuildFile; fileRef = 94F3C5D92876A40900D75958 /* RaceMeAppTests.swift */; };
		94F3C5E42876A40900D75958 /* RaceMeAppUITests.swift in Sources */ = {isa = PBXBuildFile; fileRef = 94F3C5E32876A40900D75958 /* RaceMeAppUITests.swift */; };
		94F3C5E62876A40900D75958 /* RaceMeAppUITestsLaunchTests.swift in Sources */ = {isa = PBXBuildFile; fileRef = 94F3C5E52876A40900D75958 /* RaceMeAppUITestsLaunchTests.swift */; };
/* End PBXBuildFile section */

/* Begin PBXContainerItemProxy section */
		94F3C5D62876A40900D75958 /* PBXContainerItemProxy */ = {
			isa = PBXContainerItemProxy;
			containerPortal = 94F3C5BD2876A40800D75958 /* Project object */;
			proxyType = 1;
			remoteGlobalIDString = 94F3C5C42876A40800D75958;
			remoteInfo = RaceMeApp;
		};
		94F3C5E02876A40900D75958 /* PBXContainerItemProxy */ = {
			isa = PBXContainerItemProxy;
			containerPortal = 94F3C5BD2876A40800D75958 /* Project object */;
			proxyType = 1;
			remoteGlobalIDString = 94F3C5C42876A40800D75958;
			remoteInfo = RaceMeApp;
		};
/* End PBXContainerItemProxy section */

/* Begin PBXFileReference section */
		942F24C0288752E30061F6C1 /* Gameplay.swift */ = {isa = PBXFileReference; lastKnownFileType = sourcecode.swift; path = Gameplay.swift; sourceTree = "<group>"; };
		94501FED2877DB0C00670564 /* CountDown.swift */ = {isa = PBXFileReference; lastKnownFileType = sourcecode.swift; path = CountDown.swift; sourceTree = "<group>"; };
		94F3C5C52876A40800D75958 /* RaceMeApp.app */ = {isa = PBXFileReference; explicitFileType = wrapper.application; includeInIndex = 0; path = RaceMeApp.app; sourceTree = BUILT_PRODUCTS_DIR; };
		94F3C5C82876A40800D75958 /* RaceMeApp.swift */ = {isa = PBXFileReference; lastKnownFileType = sourcecode.swift; path = RaceMeApp.swift; sourceTree = "<group>"; };
		94F3C5CA2876A40800D75958 /* HomeScreen.swift */ = {isa = PBXFileReference; lastKnownFileType = sourcecode.swift; path = HomeScreen.swift; sourceTree = "<group>"; };
		94F3C5CC2876A40900D75958 /* Assets.xcassets */ = {isa = PBXFileReference; lastKnownFileType = folder.assetcatalog; path = Assets.xcassets; sourceTree = "<group>"; };
		94F3C5CF2876A40900D75958 /* Preview Assets.xcassets */ = {isa = PBXFileReference; lastKnownFileType = folder.assetcatalog; path = "Preview Assets.xcassets"; sourceTree = "<group>"; };
		94F3C5D52876A40900D75958 /* RaceMeAppTests.xctest */ = {isa = PBXFileReference; explicitFileType = wrapper.cfbundle; includeInIndex = 0; path = RaceMeAppTests.xctest; sourceTree = BUILT_PRODUCTS_DIR; };
		94F3C5D92876A40900D75958 /* RaceMeAppTests.swift */ = {isa = PBXFileReference; lastKnownFileType = sourcecode.swift; path = RaceMeAppTests.swift; sourceTree = "<group>"; };
		94F3C5DF2876A40900D75958 /* RaceMeAppUITests.xctest */ = {isa = PBXFileReference; explicitFileType = wrapper.cfbundle; includeInIndex = 0; path = RaceMeAppUITests.xctest; sourceTree = BUILT_PRODUCTS_DIR; };
		94F3C5E32876A40900D75958 /* RaceMeAppUITests.swift */ = {isa = PBXFileReference; lastKnownFileType = sourcecode.swift; path = RaceMeAppUITests.swift; sourceTree = "<group>"; };
		94F3C5E52876A40900D75958 /* RaceMeAppUITestsLaunchTests.swift */ = {isa = PBXFileReference; lastKnownFileType = sourcecode.swift; path = RaceMeAppUITestsLaunchTests.swift; sourceTree = "<group>"; };
/* End PBXFileReference section */

/* Begin PBXFrameworksBuildPhase section */
		94F3C5C22876A40800D75958 /* Frameworks */ = {
			isa = PBXFrameworksBuildPhase;
			buildActionMask = 2147483647;
			files = (
			);
			runOnlyForDeploymentPostprocessing = 0;
		};
		94F3C5D22876A40900D75958 /* Frameworks */ = {
			isa = PBXFrameworksBuildPhase;
			buildActionMask = 2147483647;
			files = (
			);
			runOnlyForDeploymentPostprocessing = 0;
		};
		94F3C5DC2876A40900D75958 /* Frameworks */ = {
			isa = PBXFrameworksBuildPhase;
			buildActionMask = 2147483647;
			files = (
			);
			runOnlyForDeploymentPostprocessing = 0;
		};
/* End PBXFrameworksBuildPhase section */

/* Begin PBXGroup section */
		94F3C5BC2876A40800D75958 = {
			isa = PBXGroup;
			children = (
				94F3C5C72876A40800D75958 /* RaceMeApp */,
				94F3C5D82876A40900D75958 /* RaceMeAppTests */,
				94F3C5E22876A40900D75958 /* RaceMeAppUITests */,
				94F3C5C62876A40800D75958 /* Products */,
			);
			sourceTree = "<group>";
		};
		94F3C5C62876A40800D75958 /* Products */ = {
			isa = PBXGroup;
			children = (
				94F3C5C52876A40800D75958 /* RaceMeApp.app */,
				94F3C5D52876A40900D75958 /* RaceMeAppTests.xctest */,
				94F3C5DF2876A40900D75958 /* RaceMeAppUITests.xctest */,
			);
			name = Products;
			sourceTree = "<group>";
		};
		94F3C5C72876A40800D75958 /* RaceMeApp */ = {
			isa = PBXGroup;
			children = (
				94F3C5C82876A40800D75958 /* RaceMeApp.swift */,
				94F3C5CA2876A40800D75958 /* HomeScreen.swift */,
				942F24C0288752E30061F6C1 /* Gameplay.swift */,
				94501FED2877DB0C00670564 /* CountDown.swift */,
				94F3C5CC2876A40900D75958 /* Assets.xcassets */,
				94F3C5CE2876A40900D75958 /* Preview Content */,
			);
			path = RaceMeApp;
			sourceTree = "<group>";
		};
		94F3C5CE2876A40900D75958 /* Preview Content */ = {
			isa = PBXGroup;
			children = (
				94F3C5CF2876A40900D75958 /* Preview Assets.xcassets */,
			);
			path = "Preview Content";
			sourceTree = "<group>";
		};
		94F3C5D82876A40900D75958 /* RaceMeAppTests */ = {
			isa = PBXGroup;
			children = (
				94F3C5D92876A40900D75958 /* RaceMeAppTests.swift */,
			);
			path = RaceMeAppTests;
			sourceTree = "<group>";
		};
		94F3C5E22876A40900D75958 /* RaceMeAppUITests */ = {
			isa = PBXGroup;
			children = (
				94F3C5E32876A40900D75958 /* RaceMeAppUITests.swift */,
				94F3C5E52876A40900D75958 /* RaceMeAppUITestsLaunchTests.swift */,
			);
			path = RaceMeAppUITests;
			sourceTree = "<group>";
		};
/* End PBXGroup section */

/* Begin PBXNativeTarget section */
		94F3C5C42876A40800D75958 /* RaceMeApp */ = {
			isa = PBXNativeTarget;
			buildConfigurationList = 94F3C5E92876A40900D75958 /* Build configuration list for PBXNativeTarget "RaceMeApp" */;
			buildPhases = (
				94F3C5C12876A40800D75958 /* Sources */,
				94F3C5C22876A40800D75958 /* Frameworks */,
				94F3C5C32876A40800D75958 /* Resources */,
			);
			buildRules = (
			);
			dependencies = (
			);
			name = RaceMeApp;
			productName = RaceMeApp;
			productReference = 94F3C5C52876A40800D75958 /* RaceMeApp.app */;
			productType = "com.apple.product-type.application";
		};
		94F3C5D42876A40900D75958 /* RaceMeAppTests */ = {
			isa = PBXNativeTarget;
			buildConfigurationList = 94F3C5EC2876A40900D75958 /* Build configuration list for PBXNativeTarget "RaceMeAppTests" */;
			buildPhases = (
				94F3C5D12876A40900D75958 /* Sources */,
				94F3C5D22876A40900D75958 /* Frameworks */,
				94F3C5D32876A40900D75958 /* Resources */,
			);
			buildRules = (
			);
			dependencies = (
				94F3C5D72876A40900D75958 /* PBXTargetDependency */,
			);
			name = RaceMeAppTests;
			productName = RaceMeAppTests;
			productReference = 94F3C5D52876A40900D75958 /* RaceMeAppTests.xctest */;
			productType = "com.apple.product-type.bundle.unit-test";
		};
		94F3C5DE2876A40900D75958 /* RaceMeAppUITests */ = {
			isa = PBXNativeTarget;
			buildConfigurationList = 94F3C5EF2876A40900D75958 /* Build configuration list for PBXNativeTarget "RaceMeAppUITests" */;
			buildPhases = (
				94F3C5DB2876A40900D75958 /* Sources */,
				94F3C5DC2876A40900D75958 /* Frameworks */,
				94F3C5DD2876A40900D75958 /* Resources */,
			);
			buildRules = (
			);
			dependencies = (
				94F3C5E12876A40900D75958 /* PBXTargetDependency */,
			);
			name = RaceMeAppUITests;
			productName = RaceMeAppUITests;
			productReference = 94F3C5DF2876A40900D75958 /* RaceMeAppUITests.xctest */;
			productType = "com.apple.product-type.bundle.ui-testing";
		};
/* End PBXNativeTarget section */

/* Begin PBXProject section */
		94F3C5BD2876A40800D75958 /* Project object */ = {
			isa = PBXProject;
			attributes = {
				BuildIndependentTargetsInParallel = 1;
				LastSwiftUpdateCheck = 1340;
				LastUpgradeCheck = 1340;
				TargetAttributes = {
					94F3C5C42876A40800D75958 = {
						CreatedOnToolsVersion = 13.4;
					};
					94F3C5D42876A40900D75958 = {
						CreatedOnToolsVersion = 13.4;
						TestTargetID = 94F3C5C42876A40800D75958;
					};
					94F3C5DE2876A40900D75958 = {
						CreatedOnToolsVersion = 13.4;
						TestTargetID = 94F3C5C42876A40800D75958;
					};
				};
			};
			buildConfigurationList = 94F3C5C02876A40800D75958 /* Build configuration list for PBXProject "RaceMeApp" */;
			compatibilityVersion = "Xcode 13.0";
			developmentRegion = en;
			hasScannedForEncodings = 0;
			knownRegions = (
				en,
				Base,
			);
			mainGroup = 94F3C5BC2876A40800D75958;
			productRefGroup = 94F3C5C62876A40800D75958 /* Products */;
			projectDirPath = "";
			projectRoot = "";
			targets = (
				94F3C5C42876A40800D75958 /* RaceMeApp */,
				94F3C5D42876A40900D75958 /* RaceMeAppTests */,
				94F3C5DE2876A40900D75958 /* RaceMeAppUITests */,
			);
		};
/* End PBXProject section */

/* Begin PBXResourcesBuildPhase section */
		94F3C5C32876A40800D75958 /* Resources */ = {
			isa = PBXResourcesBuildPhase;
			buildActionMask = 2147483647;
			files = (
				94F3C5D02876A40900D75958 /* Preview Assets.xcassets in Resources */,
				94F3C5CD2876A40900D75958 /* Assets.xcassets in Resources */,
			);
			runOnlyForDeploymentPostprocessing = 0;
		};
		94F3C5D32876A40900D75958 /* Resources */ = {
			isa = PBXResourcesBuildPhase;
			buildActionMask = 2147483647;
			files = (
			);
			runOnlyForDeploymentPostprocessing = 0;
		};
		94F3C5DD2876A40900D75958 /* Resources */ = {
			isa = PBXResourcesBuildPhase;
			buildActionMask = 2147483647;
			files = (
			);
			runOnlyForDeploymentPostprocessing = 0;
		};
/* End PBXResourcesBuildPhase section */

/* Begin PBXSourcesBuildPhase section */
		94F3C5C12876A40800D75958 /* Sources */ = {
			isa = PBXSourcesBuildPhase;
			buildActionMask = 2147483647;
			files = (
				94501FEE2877DB0C00670564 /* CountDown.swift in Sources */,
				94F3C5CB2876A40800D75958 /* HomeScreen.swift in Sources */,
				94F3C5C92876A40800D75958 /* RaceMeApp.swift in Sources */,
				942F24C1288752E30061F6C1 /* Gameplay.swift in Sources */,
			);
			runOnlyForDeploymentPostprocessing = 0;
		};
		94F3C5D12876A40900D75958 /* Sources */ = {
			isa = PBXSourcesBuildPhase;
			buildActionMask = 2147483647;
			files = (
				94F3C5DA2876A40900D75958 /* RaceMeAppTests.swift in Sources */,
			);
			runOnlyForDeploymentPostprocessing = 0;
		};
		94F3C5DB2876A40900D75958 /* Sources */ = {
			isa = PBXSourcesBuildPhase;
			buildActionMask = 2147483647;
			files = (
				94F3C5E42876A40900D75958 /* RaceMeAppUITests.swift in Sources */,
				94F3C5E62876A40900D75958 /* RaceMeAppUITestsLaunchTests.swift in Sources */,
			);
			runOnlyForDeploymentPostprocessing = 0;
		};
/* End PBXSourcesBuildPhase section */

/* Begin PBXTargetDependency section */
		94F3C5D72876A40900D75958 /* PBXTargetDependency */ = {
			isa = PBXTargetDependency;
			target = 94F3C5C42876A40800D75958 /* RaceMeApp */;
			targetProxy = 94F3C5D62876A40900D75958 /* PBXContainerItemProxy */;
		};
		94F3C5E12876A40900D75958 /* PBXTargetDependency */ = {
			isa = PBXTargetDependency;
			target = 94F3C5C42876A40800D75958 /* RaceMeApp */;
			targetProxy = 94F3C5E02876A40900D75958 /* PBXContainerItemProxy */;
		};
/* End PBXTargetDependency section */

/* Begin XCBuildConfiguration section */
		94F3C5E72876A40900D75958 /* Debug */ = {
			isa = XCBuildConfiguration;
			buildSettings = {
				ALWAYS_SEARCH_USER_PATHS = NO;
				CLANG_ANALYZER_NONNULL = YES;
				CLANG_ANALYZER_NUMBER_OBJECT_CONVERSION = YES_AGGRESSIVE;
				CLANG_CXX_LANGUAGE_STANDARD = "gnu++17";
				CLANG_ENABLE_MODULES = YES;
				CLANG_ENABLE_OBJC_ARC = YES;
				CLANG_ENABLE_OBJC_WEAK = YES;
				CLANG_WARN_BLOCK_CAPTURE_AUTORELEASING = YES;
				CLANG_WARN_BOOL_CONVERSION = YES;
				CLANG_WARN_COMMA = YES;
				CLANG_WARN_CONSTANT_CONVERSION = YES;
				CLANG_WARN_DEPRECATED_OBJC_IMPLEMENTATIONS = YES;
				CLANG_WARN_DIRECT_OBJC_ISA_USAGE = YES_ERROR;
				CLANG_WARN_DOCUMENTATION_COMMENTS = YES;
				CLANG_WARN_EMPTY_BODY = YES;
				CLANG_WARN_ENUM_CONVERSION = YES;
				CLANG_WARN_INFINITE_RECURSION = YES;
				CLANG_WARN_INT_CONVERSION = YES;
				CLANG_WARN_NON_LITERAL_NULL_CONVERSION = YES;
				CLANG_WARN_OBJC_IMPLICIT_RETAIN_SELF = YES;
				CLANG_WARN_OBJC_LITERAL_CONVERSION = YES;
				CLANG_WARN_OBJC_ROOT_CLASS = YES_ERROR;
				CLANG_WARN_QUOTED_INCLUDE_IN_FRAMEWORK_HEADER = YES;
				CLANG_WARN_RANGE_LOOP_ANALYSIS = YES;
				CLANG_WARN_STRICT_PROTOTYPES = YES;
				CLANG_WARN_SUSPICIOUS_MOVE = YES;
				CLANG_WARN_UNGUARDED_AVAILABILITY = YES_AGGRESSIVE;
				CLANG_WARN_UNREACHABLE_CODE = YES;
				CLANG_WARN__DUPLICATE_METHOD_MATCH = YES;
				COPY_PHASE_STRIP = NO;
				DEBUG_INFORMATION_FORMAT = dwarf;
				ENABLE_STRICT_OBJC_MSGSEND = YES;
				ENABLE_TESTABILITY = YES;
				GCC_C_LANGUAGE_STANDARD = gnu11;
				GCC_DYNAMIC_NO_PIC = NO;
				GCC_NO_COMMON_BLOCKS = YES;
				GCC_OPTIMIZATION_LEVEL = 0;
				GCC_PREPROCESSOR_DEFINITIONS = (
					"DEBUG=1",
					"$(inherited)",
				);
				GCC_WARN_64_TO_32_BIT_CONVERSION = YES;
				GCC_WARN_ABOUT_RETURN_TYPE = YES_ERROR;
				GCC_WARN_UNDECLARED_SELECTOR = YES;
				GCC_WARN_UNINITIALIZED_AUTOS = YES_AGGRESSIVE;
				GCC_WARN_UNUSED_FUNCTION = YES;
				GCC_WARN_UNUSED_VARIABLE = YES;
				IPHONEOS_DEPLOYMENT_TARGET = 15.5;
				MTL_ENABLE_DEBUG_INFO = INCLUDE_SOURCE;
				MTL_FAST_MATH = YES;
				ONLY_ACTIVE_ARCH = YES;
				SDKROOT = iphoneos;
				SWIFT_ACTIVE_COMPILATION_CONDITIONS = DEBUG;
				SWIFT_OPTIMIZATION_LEVEL = "-Onone";
			};
			name = Debug;
		};
		94F3C5E82876A40900D75958 /* Release */ = {
			isa = XCBuildConfiguration;
			buildSettings = {
				ALWAYS_SEARCH_USER_PATHS = NO;
				CLANG_ANALYZER_NONNULL = YES;
				CLANG_ANALYZER_NUMBER_OBJECT_CONVERSION = YES_AGGRESSIVE;
				CLANG_CXX_LANGUAGE_STANDARD = "gnu++17";
				CLANG_ENABLE_MODULES = YES;
				CLANG_ENABLE_OBJC_ARC = YES;
				CLANG_ENABLE_OBJC_WEAK = YES;
				CLANG_WARN_BLOCK_CAPTURE_AUTORELEASING = YES;
				CLANG_WARN_BOOL_CONVERSION = YES;
				CLANG_WARN_COMMA = YES;
				CLANG_WARN_CONSTANT_CONVERSION = YES;
				CLANG_WARN_DEPRECATED_OBJC_IMPLEMENTATIONS = YES;
				CLANG_WARN_DIRECT_OBJC_ISA_USAGE = YES_ERROR;
				CLANG_WARN_DOCUMENTATION_COMMENTS = YES;
				CLANG_WARN_EMPTY_BODY = YES;
				CLANG_WARN_ENUM_CONVERSION = YES;
				CLANG_WARN_INFINITE_RECURSION = YES;
				CLANG_WARN_INT_CONVERSION = YES;
				CLANG_WARN_NON_LITERAL_NULL_CONVERSION = YES;
				CLANG_WARN_OBJC_IMPLICIT_RETAIN_SELF = YES;
				CLANG_WARN_OBJC_LITERAL_CONVERSION = YES;
				CLANG_WARN_OBJC_ROOT_CLASS = YES_ERROR;
				CLANG_WARN_QUOTED_INCLUDE_IN_FRAMEWORK_HEADER = YES;
				CLANG_WARN_RANGE_LOOP_ANALYSIS = YES;
				CLANG_WARN_STRICT_PROTOTYPES = YES;
				CLANG_WARN_SUSPICIOUS_MOVE = YES;
				CLANG_WARN_UNGUARDED_AVAILABILITY = YES_AGGRESSIVE;
				CLANG_WARN_UNREACHABLE_CODE = YES;
				CLANG_WARN__DUPLICATE_METHOD_MATCH = YES;
				COPY_PHASE_STRIP = NO;
				DEBUG_INFORMATION_FORMAT = "dwarf-with-dsym";
				ENABLE_NS_ASSERTIONS = NO;
				ENABLE_STRICT_OBJC_MSGSEND = YES;
				GCC_C_LANGUAGE_STANDARD = gnu11;
				GCC_NO_COMMON_BLOCKS = YES;
				GCC_WARN_64_TO_32_BIT_CONVERSION = YES;
				GCC_WARN_ABOUT_RETURN_TYPE = YES_ERROR;
				GCC_WARN_UNDECLARED_SELECTOR = YES;
				GCC_WARN_UNINITIALIZED_AUTOS = YES_AGGRESSIVE;
				GCC_WARN_UNUSED_FUNCTION = YES;
				GCC_WARN_UNUSED_VARIABLE = YES;
				IPHONEOS_DEPLOYMENT_TARGET = 15.5;
				MTL_ENABLE_DEBUG_INFO = NO;
				MTL_FAST_MATH = YES;
				SDKROOT = iphoneos;
				SWIFT_COMPILATION_MODE = wholemodule;
				SWIFT_OPTIMIZATION_LEVEL = "-O";
				VALIDATE_PRODUCT = YES;
			};
			name = Release;
		};
		94F3C5EA2876A40900D75958 /* Debug */ = {
			isa = XCBuildConfiguration;
			buildSettings = {
				ASSETCATALOG_COMPILER_APPICON_NAME = AppIcon;
				ASSETCATALOG_COMPILER_GLOBAL_ACCENT_COLOR_NAME = AccentColor;
				CODE_SIGN_STYLE = Automatic;
				CURRENT_PROJECT_VERSION = 1;
				DEVELOPMENT_ASSET_PATHS = "\"RaceMeApp/Preview Content\"";
				ENABLE_PREVIEWS = YES;
				GENERATE_INFOPLIST_FILE = YES;
				INFOPLIST_KEY_UIApplicationSceneManifest_Generation = YES;
				INFOPLIST_KEY_UIApplicationSupportsIndirectInputEvents = YES;
				INFOPLIST_KEY_UILaunchScreen_Generation = YES;
				INFOPLIST_KEY_UISupportedInterfaceOrientations_iPad = "UIInterfaceOrientationPortrait UIInterfaceOrientationPortraitUpsideDown UIInterfaceOrientationLandscapeLeft UIInterfaceOrientationLandscapeRight";
				INFOPLIST_KEY_UISupportedInterfaceOrientations_iPhone = "UIInterfaceOrientationPortrait UIInterfaceOrientationLandscapeLeft UIInterfaceOrientationLandscapeRight";
				LD_RUNPATH_SEARCH_PATHS = (
					"$(inherited)",
					"@executable_path/Frameworks",
				);
				MARKETING_VERSION = 1.0;
				PRODUCT_BUNDLE_IDENTIFIER = MattSilveria.RaceMeApp;
				PRODUCT_NAME = "$(TARGET_NAME)";
				SWIFT_EMIT_LOC_STRINGS = YES;
				SWIFT_VERSION = 5.0;
				TARGETED_DEVICE_FAMILY = "1,2";
			};
			name = Debug;
		};
		94F3C5EB2876A40900D75958 /* Release */ = {
			isa = XCBuildConfiguration;
			buildSettings = {
				ASSETCATALOG_COMPILER_APPICON_NAME = AppIcon;
				ASSETCATALOG_COMPILER_GLOBAL_ACCENT_COLOR_NAME = AccentColor;
				CODE_SIGN_STYLE = Automatic;
				CURRENT_PROJECT_VERSION = 1;
				DEVELOPMENT_ASSET_PATHS = "\"RaceMeApp/Preview Content\"";
				ENABLE_PREVIEWS = YES;
				GENERATE_INFOPLIST_FILE = YES;
				INFOPLIST_KEY_UIApplicationSceneManifest_Generation = YES;
				INFOPLIST_KEY_UIApplicationSupportsIndirectInputEvents = YES;
				INFOPLIST_KEY_UILaunchScreen_Generation = YES;
				INFOPLIST_KEY_UISupportedInterfaceOrientations_iPad = "UIInterfaceOrientationPortrait UIInterfaceOrientationPortraitUpsideDown UIInterfaceOrientationLandscapeLeft UIInterfaceOrientationLandscapeRight";
				INFOPLIST_KEY_UISupportedInterfaceOrientations_iPhone = "UIInterfaceOrientationPortrait UIInterfaceOrientationLandscapeLeft UIInterfaceOrientationLandscapeRight";
				LD_RUNPATH_SEARCH_PATHS = (
					"$(inherited)",
					"@executable_path/Frameworks",
				);
				MARKETING_VERSION = 1.0;
				PRODUCT_BUNDLE_IDENTIFIER = MattSilveria.RaceMeApp;
				PRODUCT_NAME = "$(TARGET_NAME)";
				SWIFT_EMIT_LOC_STRINGS = YES;
				SWIFT_VERSION = 5.0;
				TARGETED_DEVICE_FAMILY = "1,2";
			};
			name = Release;
		};
		94F3C5ED2876A40900D75958 /* Debug */ = {
			isa = XCBuildConfiguration;
			buildSettings = {
				ALWAYS_EMBED_SWIFT_STANDARD_LIBRARIES = YES;
				BUNDLE_LOADER = "$(TEST_HOST)";
				CODE_SIGN_STYLE = Automatic;
				CURRENT_PROJECT_VERSION = 1;
				GENERATE_INFOPLIST_FILE = YES;
				IPHONEOS_DEPLOYMENT_TARGET = 15.5;
				MARKETING_VERSION = 1.0;
				PRODUCT_BUNDLE_IDENTIFIER = MattSilveria.RaceMeAppTests;
				PRODUCT_NAME = "$(TARGET_NAME)";
				SWIFT_EMIT_LOC_STRINGS = NO;
				SWIFT_VERSION = 5.0;
				TARGETED_DEVICE_FAMILY = "1,2";
				TEST_HOST = "$(BUILT_PRODUCTS_DIR)/RaceMeApp.app/RaceMeApp";
			};
			name = Debug;
		};
		94F3C5EE2876A40900D75958 /* Release */ = {
			isa = XCBuildConfiguration;
			buildSettings = {
				ALWAYS_EMBED_SWIFT_STANDARD_LIBRARIES = YES;
				BUNDLE_LOADER = "$(TEST_HOST)";
				CODE_SIGN_STYLE = Automatic;
				CURRENT_PROJECT_VERSION = 1;
				GENERATE_INFOPLIST_FILE = YES;
				IPHONEOS_DEPLOYMENT_TARGET = 15.5;
				MARKETING_VERSION = 1.0;
				PRODUCT_BUNDLE_IDENTIFIER = MattSilveria.RaceMeAppTests;
				PRODUCT_NAME = "$(TARGET_NAME)";
				SWIFT_EMIT_LOC_STRINGS = NO;
				SWIFT_VERSION = 5.0;
				TARGETED_DEVICE_FAMILY = "1,2";
				TEST_HOST = "$(BUILT_PRODUCTS_DIR)/RaceMeApp.app/RaceMeApp";
			};
			name = Release;
		};
		94F3C5F02876A40900D75958 /* Debug */ = {
			isa = XCBuildConfiguration;
			buildSettings = {
				ALWAYS_EMBED_SWIFT_STANDARD_LIBRARIES = YES;
				CODE_SIGN_STYLE = Automatic;
				CURRENT_PROJECT_VERSION = 1;
				GENERATE_INFOPLIST_FILE = YES;
				MARKETING_VERSION = 1.0;
				PRODUCT_BUNDLE_IDENTIFIER = MattSilveria.RaceMeAppUITests;
				PRODUCT_NAME = "$(TARGET_NAME)";
				SWIFT_EMIT_LOC_STRINGS = NO;
				SWIFT_VERSION = 5.0;
				TARGETED_DEVICE_FAMILY = "1,2";
				TEST_TARGET_NAME = RaceMeApp;
			};
			name = Debug;
		};
		94F3C5F12876A40900D75958 /* Release */ = {
			isa = XCBuildConfiguration;
			buildSettings = {
				ALWAYS_EMBED_SWIFT_STANDARD_LIBRARIES = YES;
				CODE_SIGN_STYLE = Automatic;
				CURRENT_PROJECT_VERSION = 1;
				GENERATE_INFOPLIST_FILE = YES;
				MARKETING_VERSION = 1.0;
				PRODUCT_BUNDLE_IDENTIFIER = MattSilveria.RaceMeAppUITests;
				PRODUCT_NAME = "$(TARGET_NAME)";
				SWIFT_EMIT_LOC_STRINGS = NO;
				SWIFT_VERSION = 5.0;
				TARGETED_DEVICE_FAMILY = "1,2";
				TEST_TARGET_NAME = RaceMeApp;
			};
			name = Release;
		};
/* End XCBuildConfiguration section */

/* Begin XCConfigurationList section */
		94F3C5C02876A40800D75958 /* Build configuration list for PBXProject "RaceMeApp" */ = {
			isa = XCConfigurationList;
			buildConfigurations = (
				94F3C5E72876A40900D75958 /* Debug */,
				94F3C5E82876A40900D75958 /* Release */,
			);
			defaultConfigurationIsVisible = 0;
			defaultConfigurationName = Release;
		};
		94F3C5E92876A40900D75958 /* Build configuration list for PBXNativeTarget "RaceMeApp" */ = {
			isa = XCConfigurationList;
			buildConfigurations = (
				94F3C5EA2876A40900D75958 /* Debug */,
				94F3C5EB2876A40900D75958 /* Release */,
			);
			defaultConfigurationIsVisible = 0;
			defaultConfigurationName = Release;
		};
		94F3C5EC2876A40900D75958 /* Build configuration list for PBXNativeTarget "RaceMeAppTests" */ = {
			isa = XCConfigurationList;
			buildConfigurations = (
				94F3C5ED2876A40900D75958 /* Debug */,
				94F3C5EE2876A40900D75958 /* Release */,
			);
			defaultConfigurationIsVisible = 0;
			defaultConfigurationName = Release;
		};
		94F3C5EF2876A40900D75958 /* Build configuration list for PBXNativeTarget "RaceMeAppUITests" */ = {
			isa = XCConfigurationList;
			buildConfigurations = (
				94F3C5F02876A40900D75958 /* Debug */,
				94F3C5F12876A40900D75958 /* Release */,
			);
			defaultConfigurationIsVisible = 0;
			defaultConfigurationName = Release;
		};
/* End XCConfigurationList section */
	};
	rootObject = 94F3C5BD2876A40800D75958 /* Project object */;
}
